
Microsoft Visual Studio Solution File, Format Version 12.00
# Visual Studio Version 17
VisualStudioVersion = 17.1.32228.430
MinimumVisualStudioVersion = 10.0.40219.1
Project("{FAE04EC0-301F-11D3-BF4B-00C04F79EFBC}") = "CourseworkDB", "CourseworkDB\CourseworkDB.csproj", "{AB8F6C4C-FE42-4802-97A7-8C88A1580B3C}"
EndProject
Global
	GlobalSection(SolutionConfigurationPlatforms) = preSolution
		Debug|Any CPU = Debug|Any CPU
		Release|Any CPU = Release|Any CPU
	EndGlobalSection
	GlobalSection(ProjectConfigurationPlatforms) = postSolution
		{AB8F6C4C-FE42-4802-97A7-8C88A1580B3C}.Debug|Any CPU.ActiveCfg = Debug|Any CPU
		{AB8F6C4C-FE42-4802-97A7-8C88A1580B3C}.Debug|Any CPU.Build.0 = Debug|Any CPU
		{AB8F6C4C-FE42-4802-97A7-8C88A1580B3C}.Release|Any CPU.ActiveCfg = Release|Any CPU
		{AB8F6C4C-FE42-4802-97A7-8C88A1580B3C}.Release|Any CPU.Build.0 = Release|Any CPU
	EndGlobalSection
	GlobalSection(SolutionProperties) = preSolution
		HideSolutionNode = FALSE
	EndGlobalSection
	GlobalSection(ExtensibilityGlobals) = postSolution
		SolutionGuid = {8D21C449-B7DD-47BF-8813-6EA90154E0B0}
	EndGlobalSection
EndGlobal
